
Microsoft Visual Studio Solution File, Format Version 12.00
# Visual Studio Version 17
VisualStudioVersion = 17.5.33424.131
MinimumVisualStudioVersion = 10.0.40219.1
Project("{FAE04EC0-301F-11D3-BF4B-00C04F79EFBC}") = "Task1", "Task1\Task1.csproj", "{C7A8C394-5AB7-4780-8228-C6154AFA0BB8}"
EndProject
Project("{FAE04EC0-301F-11D3-BF4B-00C04F79EFBC}") = "Task2", "Task2\Task2.csproj", "{22EE1311-D527-47C7-80C2-7CB93E1AF800}"
EndProject
Global
	GlobalSection(SolutionConfigurationPlatforms) = preSolution
		Debug|Any CPU = Debug|Any CPU
		Release|Any CPU = Release|Any CPU
	EndGlobalSection
	GlobalSection(ProjectConfigurationPlatforms) = postSolution
		{C7A8C394-5AB7-4780-8228-C6154AFA0BB8}.Debug|Any CPU.ActiveCfg = Debug|Any CPU
		{C7A8C394-5AB7-4780-8228-C6154AFA0BB8}.Debug|Any CPU.Build.0 = Debug|Any CPU
		{C7A8C394-5AB7-4780-8228-C6154AFA0BB8}.Release|Any CPU.ActiveCfg = Release|Any CPU
		{C7A8C394-5AB7-4780-8228-C6154AFA0BB8}.Release|Any CPU.Build.0 = Release|Any CPU
		{22EE1311-D527-47C7-80C2-7CB93E1AF800}.Debug|Any CPU.ActiveCfg = Debug|Any CPU
		{22EE1311-D527-47C7-80C2-7CB93E1AF800}.Debug|Any CPU.Build.0 = Debug|Any CPU
		{22EE1311-D527-47C7-80C2-7CB93E1AF800}.Release|Any CPU.ActiveCfg = Release|Any CPU
		{22EE1311-D527-47C7-80C2-7CB93E1AF800}.Release|Any CPU.Build.0 = Release|Any CPU
	EndGlobalSection
	GlobalSection(SolutionProperties) = preSolution
		HideSolutionNode = FALSE
	EndGlobalSection
	GlobalSection(ExtensibilityGlobals) = postSolution
		SolutionGuid = {AE5E7F4B-2EEE-41D1-8499-547DBCFDB80B}
	EndGlobalSection
EndGlobal
